lockfileVersion: 5.3

specifiers:
  '@cloudflare/workers-types': ^2.2.2
  '@marais/tsconfig': ^0.0.1
  '@types/ua-parser-js': ^0.7.36
  esbuild: ^0.12.20
  ua-parser-js: ^0.7.28
  worktop: ^0.7.1

dependencies:
  ua-parser-js: 0.7.28
  worktop: 0.7.1

devDependencies:
  '@cloudflare/workers-types': 2.2.2
  '@marais/tsconfig': 0.0.1
  '@types/ua-parser-js': 0.7.36
  esbuild: 0.12.20

packages:

  /@cloudflare/workers-types/2.2.2:
    resolution: {integrity: sha512-kaMn2rueJ0PL1TYVGknTCh0X0x0d9G+FNXAFep7/4uqecEZoQb/63o6rOmMuiqI09zLuHV6xhKRXinokV/MY9A==}
    dev: true

  /@marais/tsconfig/0.0.1:
    resolution: {integrity: sha512-C/KwEPXqsDMrFT9BJ8xK9LR0O7uk1k9RzszqEgZIns7GwCaEt/m1oTbDvmRoQzRmtoqLpdQVUTPgIexUxJXhww==}
    dev: true

  /@types/ua-parser-js/0.7.36:
    resolution: {integrity: sha512-N1rW+njavs70y2cApeIw1vLMYXRwfBy+7trgavGuuTfOd7j1Yh7QTRc/yqsPl6ncokt72ZXuxEU0PiCp9bSwNQ==}
    dev: true

  /esbuild/0.12.20:
    resolution: {integrity: sha512-u7+0qTo9Z64MD9PhooEngCmzyEYJ6ovFhPp8PLNh3UasR5Ihjv6HWVXqm8uHmasdQlpsAf0IsY4U0YVUfCpt4Q==}
    hasBin: true
    requiresBuild: true
    dev: true

  /regexparam/2.0.0:
    resolution: {integrity: sha512-gJKwd2MVPWHAIFLsaYDZfyKzHNS4o7E/v8YmNf44vmeV2e4YfVoDToTOKTvE7ab68cRJ++kLuEXJBaEeJVt5ow==}
    engines: {node: '>=8'}
    dev: false

  /ua-parser-js/0.7.28:
    resolution: {integrity: sha512-6Gurc1n//gjp9eQNXjD9O3M/sMwVtN5S8Lv9bvOYBfKfDNiIIhqiyi01vMBO45u4zkDE420w/e0se7Vs+sIg+g==}
    dev: false

  /worktop/0.7.1:
    resolution: {integrity: sha512-p6QuswBEGO/x7E8C6pAyCLd8bKJBY0Idtca1pBTOSvFz4oFBP3O9GVcmuHEXRtp2Z1PBFoATnVJDcI0Uj0nmJA==}
    engines: {node: '>=12'}
    dependencies:
      regexparam: 2.0.0
    dev: false
